// !$*UTF8*$!
{
	archiveVersion = 1;
	classes = {
	};
	objectVersion = 50;
	objects = {

/* Begin PBXBuildFile section */
		16A3094D2341A9670040EBD1 /* CCTabBarController.m in Sources */ = {isa = PBXBuildFile; fileRef = 16A3094C2341A9670040EBD1 /* CCTabBarController.m */; };
		16A309532341AAD20040EBD1 /* CCBaseViewController.m in Sources */ = {isa = PBXBuildFile; fileRef = 16A309522341AAD20040EBD1 /* CCBaseViewController.m */; };
		16A309562341AB210040EBD1 /* CCNavigationViewController.m in Sources */ = {isa = PBXBuildFile; fileRef = 16A309552341AB210040EBD1 /* CCNavigationViewController.m */; };
		16A309592341AB4C0040EBD1 /* CCFishViewController.m in Sources */ = {isa = PBXBuildFile; fileRef = 16A309582341AB4C0040EBD1 /* CCFishViewController.m */; };
		16A3095C2341AB6F0040EBD1 /* CCPondViewController.m in Sources */ = {isa = PBXBuildFile; fileRef = 16A3095B2341AB6F0040EBD1 /* CCPondViewController.m */; };
		16A3095F2341AB8C0040EBD1 /* CCReleaseViewController.m in Sources */ = {isa = PBXBuildFile; fileRef = 16A3095E2341AB8C0040EBD1 /* CCReleaseViewController.m */; };
		16A309622341ABA50040EBD1 /* CCNewsViewController.m in Sources */ = {isa = PBXBuildFile; fileRef = 16A309612341ABA50040EBD1 /* CCNewsViewController.m */; };
		16A309652341ABC50040EBD1 /* CCManagerViewController.m in Sources */ = {isa = PBXBuildFile; fileRef = 16A309642341ABC50040EBD1 /* CCManagerViewController.m */; };
		16A309692341CA6B0040EBD1 /* CCTabBar.m in Sources */ = {isa = PBXBuildFile; fileRef = 16A309682341CA6B0040EBD1 /* CCTabBar.m */; };
		16C6B902234198D600A971C5 /* AppDelegate.m in Sources */ = {isa = PBXBuildFile; fileRef = 16C6B901234198D600A971C5 /* AppDelegate.m */; };
		16C6B90A234198D700A971C5 /* Assets.xcassets in Resources */ = {isa = PBXBuildFile; fileRef = 16C6B909234198D700A971C5 /* Assets.xcassets */; };
		16C6B90D234198D700A971C5 /* LaunchScreen.storyboard in Resources */ = {isa = PBXBuildFile; fileRef = 16C6B90B234198D700A971C5 /* LaunchScreen.storyboard */; };
		16C6B910234198D700A971C5 /* main.m in Sources */ = {isa = PBXBuildFile; fileRef = 16C6B90F234198D700A971C5 /* main.m */; };
		16C6B91A234198D700A971C5 /* CCTabControllerToolsTests.m in Sources */ = {isa = PBXBuildFile; fileRef = 16C6B919234198D700A971C5 /* CCTabControllerToolsTests.m */; };
/* End PBXBuildFile section */

/* Begin PBXContainerItemProxy section */
		16C6B916234198D700A971C5 /* PBXContainerItemProxy */ = {
			isa = PBXContainerItemProxy;
			containerPortal = 16C6B8F5234198D600A971C5 /* Project object */;
			proxyType = 1;
			remoteGlobalIDString = 16C6B8FC234198D600A971C5;
			remoteInfo = CCTabControllerTools;
		};
/* End PBXContainerItemProxy section */

/* Begin PBXFileReference section */
		16A3094B2341A9670040EBD1 /* CCTabBarController.h */ = {isa = PBXFileReference; lastKnownFileType = sourcecode.c.h; path = CCTabBarController.h; sourceTree = "<group>"; };
		16A3094C2341A9670040EBD1 /* CCTabBarController.m */ = {isa = PBXFileReference; lastKnownFileType = sourcecode.c.objc; path = CCTabBarController.m; sourceTree = "<group>"; };
		16A309512341AAD20040EBD1 /* CCBaseViewController.h */ = {isa = PBXFileReference; lastKnownFileType = sourcecode.c.h; path = CCBaseViewController.h; sourceTree = "<group>"; };
		16A309522341AAD20040EBD1 /* CCBaseViewController.m */ = {isa = PBXFileReference; lastKnownFileType = sourcecode.c.objc; path = CCBaseViewController.m; sourceTree = "<group>"; };
		16A309542341AB210040EBD1 /* CCNavigationViewController.h */ = {isa = PBXFileReference; lastKnownFileType = sourcecode.c.h; path = CCNavigationViewController.h; sourceTree = "<group>"; };
		16A309552341AB210040EBD1 /* CCNavigationViewController.m */ = {isa = PBXFileReference; lastKnownFileType = sourcecode.c.objc; path = CCNavigationViewController.m; sourceTree = "<group>"; };
		16A309572341AB4C0040EBD1 /* CCFishViewController.h */ = {isa = PBXFileReference; lastKnownFileType = sourcecode.c.h; path = CCFishViewController.h; sourceTree = "<group>"; };
		16A309582341AB4C0040EBD1 /* CCFishViewController.m */ = {isa = PBXFileReference; lastKnownFileType = sourcecode.c.objc; path = CCFishViewController.m; sourceTree = "<group>"; };
		16A3095A2341AB6F0040EBD1 /* CCPondViewController.h */ = {isa = PBXFileReference; lastKnownFileType = sourcecode.c.h; path = CCPondViewController.h; sourceTree = "<group>"; };
		16A3095B2341AB6F0040EBD1 /* CCPondViewController.m */ = {isa = PBXFileReference; lastKnownFileType = sourcecode.c.objc; path = CCPondViewController.m; sourceTree = "<group>"; };
		16A3095D2341AB8C0040EBD1 /* CCReleaseViewController.h */ = {isa = PBXFileReference; lastKnownFileType = sourcecode.c.h; path = CCReleaseViewController.h; sourceTree = "<group>"; };
		16A3095E2341AB8C0040EBD1 /* CCReleaseViewController.m */ = {isa = PBXFileReference; lastKnownFileType = sourcecode.c.objc; path = CCReleaseViewController.m; sourceTree = "<group>"; };
		16A309602341ABA50040EBD1 /* CCNewsViewController.h */ = {isa = PBXFileReference; lastKnownFileType = sourcecode.c.h; path = CCNewsViewController.h; sourceTree = "<group>"; };
		16A309612341ABA50040EBD1 /* CCNewsViewController.m */ = {isa = PBXFileReference; lastKnownFileType = sourcecode.c.objc; path = CCNewsViewController.m; sourceTree = "<group>"; };
		16A309632341ABC50040EBD1 /* CCManagerViewController.h */ = {isa = PBXFileReference; lastKnownFileType = sourcecode.c.h; path = CCManagerViewController.h; sourceTree = "<group>"; };
		16A309642341ABC50040EBD1 /* CCManagerViewController.m */ = {isa = PBXFileReference; lastKnownFileType = sourcecode.c.objc; path = CCManagerViewController.m; sourceTree = "<group>"; };
		16A309672341CA6B0040EBD1 /* CCTabBar.h */ = {isa = PBXFileReference; lastKnownFileType = sourcecode.c.h; path = CCTabBar.h; sourceTree = "<group>"; };
		16A309682341CA6B0040EBD1 /* CCTabBar.m */ = {isa = PBXFileReference; lastKnownFileType = sourcecode.c.objc; path = CCTabBar.m; sourceTree = "<group>"; };
		16C6B8FD234198D600A971C5 /* CCTabControllerTools.app */ = {isa = PBXFileReference; explicitFileType = wrapper.application; includeInIndex = 0; path = CCTabControllerTools.app; sourceTree = BUILT_PRODUCTS_DIR; };
		16C6B900234198D600A971C5 /* AppDelegate.h */ = {isa = PBXFileReference; lastKnownFileType = sourcecode.c.h; path = AppDelegate.h; sourceTree = "<group>"; };
		16C6B901234198D600A971C5 /* AppDelegate.m */ = {isa = PBXFileReference; lastKnownFileType = sourcecode.c.objc; path = AppDelegate.m; sourceTree = "<group>"; };
		16C6B909234198D700A971C5 /* Assets.xcassets */ = {isa = PBXFileReference; lastKnownFileType = folder.assetcatalog; path = Assets.xcassets; sourceTree = "<group>"; };
		16C6B90C234198D700A971C5 /* Base */ = {isa = PBXFileReference; lastKnownFileType = file.storyboard; name = Base; path = Base.lproj/LaunchScreen.storyboard; sourceTree = "<group>"; };
		16C6B90E234198D700A971C5 /* Info.plist */ = {isa = PBXFileReference; lastKnownFileType = text.plist.xml; path = Info.plist; sourceTree = "<group>"; };
		16C6B90F234198D700A971C5 /* main.m */ = {isa = PBXFileReference; lastKnownFileType = sourcecode.c.objc; path = main.m; sourceTree = "<group>"; };
		16C6B915234198D700A971C5 /* CCTabControllerToolsTests.xctest */ = {isa = PBXFileReference; explicitFileType = wrapper.cfbundle; includeInIndex = 0; path = CCTabControllerToolsTests.xctest; sourceTree = BUILT_PRODUCTS_DIR; };
		16C6B919234198D700A971C5 /* CCTabControllerToolsTests.m */ = {isa = PBXFileReference; lastKnownFileType = sourcecode.c.objc; path = CCTabControllerToolsTests.m; sourceTree = "<group>"; };
		16C6B91B234198D700A971C5 /* Info.plist */ = {isa = PBXFileReference; lastKnownFileType = text.plist.xml; path = Info.plist; sourceTree = "<group>"; };
/* End PBXFileReference section */

/* Begin PBXFrameworksBuildPhase section */
		16C6B8FA234198D600A971C5 /* Frameworks */ = {
			isa = PBXFrameworksBuildPhase;
			buildActionMask = 2147483647;
			files = (
			);
			runOnlyForDeploymentPostprocessing = 0;
		};
		16C6B912234198D700A971C5 /* Frameworks */ = {
			isa = PBXFrameworksBuildPhase;
			buildActionMask = 2147483647;
			files = (
			);
			runOnlyForDeploymentPostprocessing = 0;
		};
/* End PBXFrameworksBuildPhase section */

/* Begin PBXGroup section */
		16A3094A2341A7940040EBD1 /* root */ = {
			isa = PBXGroup;
			children = (
				16C6B900234198D600A971C5 /* AppDelegate.h */,
				16C6B901234198D600A971C5 /* AppDelegate.m */,
				16A3094B2341A9670040EBD1 /* CCTabBarController.h */,
				16A3094C2341A9670040EBD1 /* CCTabBarController.m */,
			);
			path = root;
			sourceTree = "<group>";
		};
		16A3094E2341A9880040EBD1 /* class */ = {
			isa = PBXGroup;
			children = (
				16A309572341AB4C0040EBD1 /* CCFishViewController.h */,
				16A309582341AB4C0040EBD1 /* CCFishViewController.m */,
				16A3095A2341AB6F0040EBD1 /* CCPondViewController.h */,
				16A3095B2341AB6F0040EBD1 /* CCPondViewController.m */,
				16A3095D2341AB8C0040EBD1 /* CCReleaseViewController.h */,
				16A3095E2341AB8C0040EBD1 /* CCReleaseViewController.m */,
				16A309602341ABA50040EBD1 /* CCNewsViewController.h */,
				16A309612341ABA50040EBD1 /* CCNewsViewController.m */,
				16A309632341ABC50040EBD1 /* CCManagerViewController.h */,
				16A309642341ABC50040EBD1 /* CCManagerViewController.m */,
			);
			path = class;
			sourceTree = "<group>";
		};
		16A3094F2341A9B50040EBD1 /* resources */ = {
			isa = PBXGroup;
			children = (
				16C6B909234198D700A971C5 /* Assets.xcassets */,
				16C6B90B234198D700A971C5 /* LaunchScreen.storyboard */,
				16C6B90E234198D700A971C5 /* Info.plist */,
				16C6B90F234198D700A971C5 /* main.m */,
			);
			path = resources;
			sourceTree = "<group>";
		};
		16A309502341AA9B0040EBD1 /* baseClass */ = {
			isa = PBXGroup;
			children = (
				16A309672341CA6B0040EBD1 /* CCTabBar.h */,
				16A309682341CA6B0040EBD1 /* CCTabBar.m */,
				16A309512341AAD20040EBD1 /* CCBaseViewController.h */,
				16A309522341AAD20040EBD1 /* CCBaseViewController.m */,
				16A309542341AB210040EBD1 /* CCNavigationViewController.h */,
				16A309552341AB210040EBD1 /* CCNavigationViewController.m */,
			);
			path = baseClass;
			sourceTree = "<group>";
		};
		16C6B8F4234198D600A971C5 = {
			isa = PBXGroup;
			children = (
				16C6B8FF234198D600A971C5 /* CCTabControllerTools */,
				16C6B918234198D700A971C5 /* CCTabControllerToolsTests */,
				16C6B8FE234198D600A971C5 /* Products */,
			);
			sourceTree = "<group>";
		};
		16C6B8FE234198D600A971C5 /* Products */ = {
			isa = PBXGroup;
			children = (
				16C6B8FD234198D600A971C5 /* CCTabControllerTools.app */,
				16C6B915234198D700A971C5 /* CCTabControllerToolsTests.xctest */,
			);
			name = Products;
			sourceTree = "<group>";
		};
		16C6B8FF234198D600A971C5 /* CCTabControllerTools */ = {
			isa = PBXGroup;
			children = (
				16A3094A2341A7940040EBD1 /* root */,
				16A3094E2341A9880040EBD1 /* class */,
				16A309502341AA9B0040EBD1 /* baseClass */,
				16A3094F2341A9B50040EBD1 /* resources */,
			);
			path = CCTabControllerTools;
			sourceTree = "<group>";
		};
		16C6B918234198D700A971C5 /* CCTabControllerToolsTests */ = {
			isa = PBXGroup;
			children = (
				16C6B919234198D700A971C5 /* CCTabControllerToolsTests.m */,
				16C6B91B234198D700A971C5 /* Info.plist */,
			);
			path = CCTabControllerToolsTests;
			sourceTree = "<group>";
		};
/* End PBXGroup section */

/* Begin PBXNativeTarget section */
		16C6B8FC234198D600A971C5 /* CCTabControllerTools */ = {
			isa = PBXNativeTarget;
			buildConfigurationList = 16C6B91E234198D700A971C5 /* Build configuration list for PBXNativeTarget "CCTabControllerTools" */;
			buildPhases = (
				16C6B8F9234198D600A971C5 /* Sources */,
				16C6B8FA234198D600A971C5 /* Frameworks */,
				16C6B8FB234198D600A971C5 /* Resources */,
			);
			buildRules = (
			);
			dependencies = (
			);
			name = CCTabControllerTools;
			productName = CCTabControllerTools;
			productReference = 16C6B8FD234198D600A971C5 /* CCTabControllerTools.app */;
			productType = "com.apple.product-type.application";
		};
		16C6B914234198D700A971C5 /* CCTabControllerToolsTests */ = {
			isa = PBXNativeTarget;
			buildConfigurationList = 16C6B921234198D700A971C5 /* Build configuration list for PBXNativeTarget "CCTabControllerToolsTests" */;
			buildPhases = (
				16C6B911234198D700A971C5 /* Sources */,
				16C6B912234198D700A971C5 /* Frameworks */,
				16C6B913234198D700A971C5 /* Resources */,
			);
			buildRules = (
			);
			dependencies = (
				16C6B917234198D700A971C5 /* PBXTargetDependency */,
			);
			name = CCTabControllerToolsTests;
			productName = CCTabControllerToolsTests;
			productReference = 16C6B915234198D700A971C5 /* CCTabControllerToolsTests.xctest */;
			productType = "com.apple.product-type.bundle.unit-test";
		};
/* End PBXNativeTarget section */

/* Begin PBXProject section */
		16C6B8F5234198D600A971C5 /* Project object */ = {
			isa = PBXProject;
			attributes = {
				LastUpgradeCheck = 1030;
				ORGANIZATIONNAME = Jack;
				TargetAttributes = {
					16C6B8FC234198D600A971C5 = {
						CreatedOnToolsVersion = 10.3;
					};
					16C6B914234198D700A971C5 = {
						CreatedOnToolsVersion = 10.3;
						TestTargetID = 16C6B8FC234198D600A971C5;
					};
				};
			};
			buildConfigurationList = 16C6B8F8234198D600A971C5 /* Build configuration list for PBXProject "CCTabControllerTools" */;
			compatibilityVersion = "Xcode 9.3";
			developmentRegion = en;
			hasScannedForEncodings = 0;
			knownRegions = (
				en,
				Base,
			);
			mainGroup = 16C6B8F4234198D600A971C5;
			productRefGroup = 16C6B8FE234198D600A971C5 /* Products */;
			projectDirPath = "";
			projectRoot = "";
			targets = (
				16C6B8FC234198D600A971C5 /* CCTabControllerTools */,
				16C6B914234198D700A971C5 /* CCTabControllerToolsTests */,
			);
		};
/* End PBXProject section */

/* Begin PBXResourcesBuildPhase section */
		16C6B8FB234198D600A971C5 /* Resources */ = {
			isa = PBXResourcesBuildPhase;
			buildActionMask = 2147483647;
			files = (
				16C6B90D234198D700A971C5 /* LaunchScreen.storyboard in Resources */,
				16C6B90A234198D700A971C5 /* Assets.xcassets in Resources */,
			);
			runOnlyForDeploymentPostprocessing = 0;
		};
		16C6B913234198D700A971C5 /* Resources */ = {
			isa = PBXResourcesBuildPhase;
			buildActionMask = 2147483647;
			files = (
			);
			runOnlyForDeploymentPostprocessing = 0;
		};
/* End PBXResourcesBuildPhase section */

/* Begin PBXSourcesBuildPhase section */
		16C6B8F9234198D600A971C5 /* Sources */ = {
			isa = PBXSourcesBuildPhase;
			buildActionMask = 2147483647;
			files = (
				16A309532341AAD20040EBD1 /* CCBaseViewController.m in Sources */,
				16A309692341CA6B0040EBD1 /* CCTabBar.m in Sources */,
				16A3094D2341A9670040EBD1 /* CCTabBarController.m in Sources */,
				16C6B910234198D700A971C5 /* main.m in Sources */,
				16A309562341AB210040EBD1 /* CCNavigationViewController.m in Sources */,
				16C6B902234198D600A971C5 /* AppDelegate.m in Sources */,
				16A309592341AB4C0040EBD1 /* CCFishViewController.m in Sources */,
				16A309622341ABA50040EBD1 /* CCNewsViewController.m in Sources */,
				16A3095F2341AB8C0040EBD1 /* CCReleaseViewController.m in Sources */,
				16A309652341ABC50040EBD1 /* CCManagerViewController.m in Sources */,
				16A3095C2341AB6F0040EBD1 /* CCPondViewController.m in Sources */,
			);
			runOnlyForDeploymentPostprocessing = 0;
		};
		16C6B911234198D700A971C5 /* Sources */ = {
			isa = PBXSourcesBuildPhase;
			buildActionMask = 2147483647;
			files = (
				16C6B91A234198D700A971C5 /* CCTabControllerToolsTests.m in Sources */,
			);
			runOnlyForDeploymentPostprocessing = 0;
		};
/* End PBXSourcesBuildPhase section */

/* Begin PBXTargetDependency section */
		16C6B917234198D700A971C5 /* PBXTargetDependency */ = {
			isa = PBXTargetDependency;
			target = 16C6B8FC234198D600A971C5 /* CCTabControllerTools */;
			targetProxy = 16C6B916234198D700A971C5 /* PBXContainerItemProxy */;
		};
/* End PBXTargetDependency section */

/* Begin PBXVariantGroup section */
		16C6B90B234198D700A971C5 /* LaunchScreen.storyboard */ = {
			isa = PBXVariantGroup;
			children = (
				16C6B90C234198D700A971C5 /* Base */,
			);
			name = LaunchScreen.storyboard;
			sourceTree = "<group>";
		};
/* End PBXVariantGroup section */

/* Begin XCBuildConfiguration section */
		16C6B91C234198D700A971C5 /* Debug */ = {
			isa = XCBuildConfiguration;
			buildSettings = {
				ALWAYS_SEARCH_USER_PATHS = NO;
				CLANG_ANALYZER_NONNULL = YES;
				CLANG_ANALYZER_NUMBER_OBJECT_CONVERSION = YES_AGGRESSIVE;
				CLANG_CXX_LANGUAGE_STANDARD = "gnu++14";
				CLANG_CXX_LIBRARY = "libc++";
				CLANG_ENABLE_MODULES = YES;
				CLANG_ENABLE_OBJC_ARC = YES;
				CLANG_ENABLE_OBJC_WEAK = YES;
				CLANG_WARN_BLOCK_CAPTURE_AUTORELEASING = YES;
				CLANG_WARN_BOOL_CONVERSION = YES;
				CLANG_WARN_COMMA = YES;
				CLANG_WARN_CONSTANT_CONVERSION = YES;
				CLANG_WARN_DEPRECATED_OBJC_IMPLEMENTATIONS = YES;
				CLANG_WARN_DIRECT_OBJC_ISA_USAGE = YES_ERROR;
				CLANG_WARN_DOCUMENTATION_COMMENTS = YES;
				CLANG_WARN_EMPTY_BODY = YES;
				CLANG_WARN_ENUM_CONVERSION = YES;
				CLANG_WARN_INFINITE_RECURSION = YES;
				CLANG_WARN_INT_CONVERSION = YES;
				CLANG_WARN_NON_LITERAL_NULL_CONVERSION = YES;
				CLANG_WARN_OBJC_IMPLICIT_RETAIN_SELF = YES;
				CLANG_WARN_OBJC_LITERAL_CONVERSION = YES;
				CLANG_WARN_OBJC_ROOT_CLASS = YES_ERROR;
				CLANG_WARN_RANGE_LOOP_ANALYSIS = YES;
				CLANG_WARN_STRICT_PROTOTYPES = YES;
				CLANG_WARN_SUSPICIOUS_MOVE = YES;
				CLANG_WARN_UNGUARDED_AVAILABILITY = YES_AGGRESSIVE;
				CLANG_WARN_UNREACHABLE_CODE = YES;
				CLANG_WARN__DUPLICATE_METHOD_MATCH = YES;
				CODE_SIGN_IDENTITY = "iPhone Developer";
				COPY_PHASE_STRIP = NO;
				DEBUG_INFORMATION_FORMAT = dwarf;
				ENABLE_STRICT_OBJC_MSGSEND = YES;
				ENABLE_TESTABILITY = YES;
				GCC_C_LANGUAGE_STANDARD = gnu11;
				GCC_DYNAMIC_NO_PIC = NO;
				GCC_NO_COMMON_BLOCKS = YES;
				GCC_OPTIMIZATION_LEVEL = 0;
				GCC_PREPROCESSOR_DEFINITIONS = (
					"DEBUG=1",
					"$(inherited)",
				);
				GCC_WARN_64_TO_32_BIT_CONVERSION = YES;
				GCC_WARN_ABOUT_RETURN_TYPE = YES_ERROR;
				GCC_WARN_UNDECLARED_SELECTOR = YES;
				GCC_WARN_UNINITIALIZED_AUTOS = YES_AGGRESSIVE;
				GCC_WARN_UNUSED_FUNCTION = YES;
				GCC_WARN_UNUSED_VARIABLE = YES;
				IPHONEOS_DEPLOYMENT_TARGET = 12.4;
				MTL_ENABLE_DEBUG_INFO = INCLUDE_SOURCE;
				MTL_FAST_MATH = YES;
				ONLY_ACTIVE_ARCH = YES;
				SDKROOT = iphoneos;
			};
			name = Debug;
		};
		16C6B91D234198D700A971C5 /* Release */ = {
			isa = XCBuildConfiguration;
			buildSettings = {
				ALWAYS_SEARCH_USER_PATHS = NO;
				CLANG_ANALYZER_NONNULL = YES;
				CLANG_ANALYZER_NUMBER_OBJECT_CONVERSION = YES_AGGRESSIVE;
				CLANG_CXX_LANGUAGE_STANDARD = "gnu++14";
				CLANG_CXX_LIBRARY = "libc++";
				CLANG_ENABLE_MODULES = YES;
				CLANG_ENABLE_OBJC_ARC = YES;
				CLANG_ENABLE_OBJC_WEAK = YES;
				CLANG_WARN_BLOCK_CAPTURE_AUTORELEASING = YES;
				CLANG_WARN_BOOL_CONVERSION = YES;
				CLANG_WARN_COMMA = YES;
				CLANG_WARN_CONSTANT_CONVERSION = YES;
				CLANG_WARN_DEPRECATED_OBJC_IMPLEMENTATIONS = YES;
				CLANG_WARN_DIRECT_OBJC_ISA_USAGE = YES_ERROR;
				CLANG_WARN_DOCUMENTATION_COMMENTS = YES;
				CLANG_WARN_EMPTY_BODY = YES;
				CLANG_WARN_ENUM_CONVERSION = YES;
				CLANG_WARN_INFINITE_RECURSION = YES;
				CLANG_WARN_INT_CONVERSION = YES;
				CLANG_WARN_NON_LITERAL_NULL_CONVERSION = YES;
				CLANG_WARN_OBJC_IMPLICIT_RETAIN_SELF = YES;
				CLANG_WARN_OBJC_LITERAL_CONVERSION = YES;
				CLANG_WARN_OBJC_ROOT_CLASS = YES_ERROR;
				CLANG_WARN_RANGE_LOOP_ANALYSIS = YES;
				CLANG_WARN_STRICT_PROTOTYPES = YES;
				CLANG_WARN_SUSPICIOUS_MOVE = YES;
				CLANG_WARN_UNGUARDED_AVAILABILITY = YES_AGGRESSIVE;
				CLANG_WARN_UNREACHABLE_CODE = YES;
				CLANG_WARN__DUPLICATE_METHOD_MATCH = YES;
				CODE_SIGN_IDENTITY = "iPhone Developer";
				COPY_PHASE_STRIP = NO;
				DEBUG_INFORMATION_FORMAT = "dwarf-with-dsym";
				ENABLE_NS_ASSERTIONS = NO;
				ENABLE_STRICT_OBJC_MSGSEND = YES;
				GCC_C_LANGUAGE_STANDARD = gnu11;
				GCC_NO_COMMON_BLOCKS = YES;
				GCC_WARN_64_TO_32_BIT_CONVERSION = YES;
				GCC_WARN_ABOUT_RETURN_TYPE = YES_ERROR;
				GCC_WARN_UNDECLARED_SELECTOR = YES;
				GCC_WARN_UNINITIALIZED_AUTOS = YES_AGGRESSIVE;
				GCC_WARN_UNUSED_FUNCTION = YES;
				GCC_WARN_UNUSED_VARIABLE = YES;
				IPHONEOS_DEPLOYMENT_TARGET = 12.4;
				MTL_ENABLE_DEBUG_INFO = NO;
				MTL_FAST_MATH = YES;
				SDKROOT = iphoneos;
				VALIDATE_PRODUCT = YES;
			};
			name = Release;
		};
		16C6B91F234198D700A971C5 /* Debug */ = {
			isa = XCBuildConfiguration;
			buildSettings = {
				ASSETCATALOG_COMPILER_APPICON_NAME = AppIcon;
				CODE_SIGN_IDENTITY = "iPhone Developer";
				CODE_SIGN_STYLE = Automatic;
				DEVELOPMENT_TEAM = "";
				INFOPLIST_FILE = CCTabControllerTools/resources/Info.plist;
				IPHONEOS_DEPLOYMENT_TARGET = 9.0;
				LD_RUNPATH_SEARCH_PATHS = (
					"$(inherited)",
					"@executable_path/Frameworks",
				);
				PRODUCT_BUNDLE_IDENTIFIER = com.CC.CCTabControllerTools;
				PRODUCT_NAME = "$(TARGET_NAME)";
				PROVISIONING_PROFILE_SPECIFIER = "";
				TARGETED_DEVICE_FAMILY = 1;
			};
			name = Debug;
		};
		16C6B920234198D700A971C5 /* Release */ = {
			isa = XCBuildConfiguration;
			buildSettings = {
				ASSETCATALOG_COMPILER_APPICON_NAME = AppIcon;
				CODE_SIGN_IDENTITY = "iPhone Developer";
				CODE_SIGN_STYLE = Automatic;
				DEVELOPMENT_TEAM = "";
				INFOPLIST_FILE = CCTabControllerTools/resources/Info.plist;
				IPHONEOS_DEPLOYMENT_TARGET = 9.0;
				LD_RUNPATH_SEARCH_PATHS = (
					"$(inherited)",
					"@executable_path/Frameworks",
				);
				PRODUCT_BUNDLE_IDENTIFIER = com.CC.CCTabControllerTools;
				PRODUCT_NAME = "$(TARGET_NAME)";
				PROVISIONING_PROFILE_SPECIFIER = "";
				TARGETED_DEVICE_FAMILY = 1;
			};
			name = Release;
		};
		16C6B922234198D700A971C5 /* Debug */ = {
			isa = XCBuildConfiguration;
			buildSettings = {
				BUNDLE_LOADER = "$(TEST_HOST)";
				CODE_SIGN_STYLE = Automatic;
				INFOPLIST_FILE = CCTabControllerToolsTests/Info.plist;
				LD_RUNPATH_SEARCH_PATHS = (
					"$(inherited)",
					"@executable_path/Frameworks",
					"@loader_path/Frameworks",
				);
				PRODUCT_BUNDLE_IDENTIFIER = com.CC.CCTabControllerToolsTests;
				PRODUCT_NAME = "$(TARGET_NAME)";
				TARGETED_DEVICE_FAMILY = "1,2";
				TEST_HOST = "$(BUILT_PRODUCTS_DIR)/CCTabControllerTools.app/CCTabControllerTools";
			};
			name = Debug;
		};
		16C6B923234198D700A971C5 /* Release */ = {
			isa = XCBuildConfiguration;
			buildSettings = {
				BUNDLE_LOADER = "$(TEST_HOST)";
				CODE_SIGN_STYLE = Automatic;
				INFOPLIST_FILE = CCTabControllerToolsTests/Info.plist;
				LD_RUNPATH_SEARCH_PATHS = (
					"$(inherited)",
					"@executable_path/Frameworks",
					"@loader_path/Frameworks",
				);
				PRODUCT_BUNDLE_IDENTIFIER = com.CC.CCTabControllerToolsTests;
				PRODUCT_NAME = "$(TARGET_NAME)";
				TARGETED_DEVICE_FAMILY = "1,2";
				TEST_HOST = "$(BUILT_PRODUCTS_DIR)/CCTabControllerTools.app/CCTabControllerTools";
			};
			name = Release;
		};
/* End XCBuildConfiguration section */

/* Begin XCConfigurationList section */
		16C6B8F8234198D600A971C5 /* Build configuration list for PBXProject "CCTabControllerTools" */ = {
			isa = XCConfigurationList;
			buildConfigurations = (
				16C6B91C234198D700A971C5 /* Debug */,
				16C6B91D234198D700A971C5 /* Release */,
			);
			defaultConfigurationIsVisible = 0;
			defaultConfigurationName = Release;
		};
		16C6B91E234198D700A971C5 /* Build configuration list for PBXNativeTarget "CCTabControllerTools" */ = {
			isa = XCConfigurationList;
			buildConfigurations = (
				16C6B91F234198D700A971C5 /* Debug */,
				16C6B920234198D700A971C5 /* Release */,
			);
			defaultConfigurationIsVisible = 0;
			defaultConfigurationName = Release;
		};
		16C6B921234198D700A971C5 /* Build configuration list for PBXNativeTarget "CCTabControllerToolsTests" */ = {
			isa = XCConfigurationList;
			buildConfigurations = (
				16C6B922234198D700A971C5 /* Debug */,
				16C6B923234198D700A971C5 /* Release */,
			);
			defaultConfigurationIsVisible = 0;
			defaultConfigurationName = Release;
		};
/* End XCConfigurationList section */
	};
	rootObject = 16C6B8F5234198D600A971C5 /* Project object */;
}
